dependencies:
- name: postgresql
  repository: https://charts.bitnami.com/bitnami
  version: 10.14.4
- name: redis
  repository: https://charts.bitnami.com/bitnami
  version: 15.7.0
digest: sha256:4582d9837d4cc1d8cfee2619e21673ed465049f982db9f83fb8a582d08dddcb7
generated: "2022-07-13T16:20:42.044761294Z"
