dependencies:
- name: postgresql
  repository: https://raw.githubusercontent.com/bitnami/charts/archive-full-index/bitnami
  version: 10.14.4
- name: redis
  repository: https://raw.githubusercontent.com/bitnami/charts/archive-full-index/bitnami
  version: 17.3.17
digest: sha256:6adda42ad963a44eb44262cb68b377440f4a3cb4f53c56f314451237a80fb1ed
generated: "2024-10-31T14:31:07.781895Z"
